// !$*UTF8*$!
{
	archiveVersion = 1;
	classes = {
	};
	objectVersion = 55;
	objects = {

/* Begin PBXBuildFile section */
		BA3B406628AA200600C95420 /* Alamofire in Frameworks */ = {isa = PBXBuildFile; productRef = BA3B406528AA200600C95420 /* Alamofire */; };
		BA799E9028AD328D00FA5C87 /* News_SwiftUIApp.swift in Sources */ = {isa = PBXBuildFile; fileRef = BA799E8F28AD328D00FA5C87 /* News_SwiftUIApp.swift */; };
		BA799EAC28AD32D000FA5C87 /* ServiceManager.swift in Sources */ = {isa = PBXBuildFile; fileRef = BA799EA528AD32D000FA5C87 /* ServiceManager.swift */; };
		BA799EAD28AD32D000FA5C87 /* NewsEndpoint.swift in Sources */ = {isa = PBXBuildFile; fileRef = BA799EA728AD32D000FA5C87 /* NewsEndpoint.swift */; };
		BA799EAE28AD32D000FA5C87 /* NewsRequest.swift in Sources */ = {isa = PBXBuildFile; fileRef = BA799EA828AD32D000FA5C87 /* NewsRequest.swift */; };
		BA799EAF28AD32D000FA5C87 /* NewsService.swift in Sources */ = {isa = PBXBuildFile; fileRef = BA799EA928AD32D000FA5C87 /* NewsService.swift */; };
		BA799EB028AD32D000FA5C87 /* APIRequest.swift in Sources */ = {isa = PBXBuildFile; fileRef = BA799EAA28AD32D000FA5C87 /* APIRequest.swift */; };
		BA799EB128AD32D000FA5C87 /* NetworkError.swift in Sources */ = {isa = PBXBuildFile; fileRef = BA799EAB28AD32D000FA5C87 /* NetworkError.swift */; };
		BA799EB628AD32E200FA5C87 /* Response.swift in Sources */ = {isa = PBXBuildFile; fileRef = BA799EB328AD32E200FA5C87 /* Response.swift */; };
		BA799EB728AD32E200FA5C87 /* NewsSource.swift in Sources */ = {isa = PBXBuildFile; fileRef = BA799EB428AD32E200FA5C87 /* NewsSource.swift */; };
		BA799EB828AD32E200FA5C87 /* Article.swift in Sources */ = {isa = PBXBuildFile; fileRef = BA799EB528AD32E200FA5C87 /* Article.swift */; };
		BA799EC328AD32ED00FA5C87 /* Constants.swift in Sources */ = {isa = PBXBuildFile; fileRef = BA799EBB28AD32ED00FA5C87 /* Constants.swift */; };
		BA799EC428AD32ED00FA5C87 /* UIConstants.swift in Sources */ = {isa = PBXBuildFile; fileRef = BA799EBC28AD32ED00FA5C87 /* UIConstants.swift */; };
		BA799EC528AD32ED00FA5C87 /* APIConstants.swift in Sources */ = {isa = PBXBuildFile; fileRef = BA799EBD28AD32ED00FA5C87 /* APIConstants.swift */; };
		BA799EC628AD32ED00FA5C87 /* UserDefaultConstants.swift in Sources */ = {isa = PBXBuildFile; fileRef = BA799EBE28AD32ED00FA5C87 /* UserDefaultConstants.swift */; };
		BA799EC728AD32ED00FA5C87 /* DateFormatter+Ext.swift in Sources */ = {isa = PBXBuildFile; fileRef = BA799EC028AD32ED00FA5C87 /* DateFormatter+Ext.swift */; };
		BA799EC828AD32ED00FA5C87 /* String+Ext.swift in Sources */ = {isa = PBXBuildFile; fileRef = BA799EC128AD32ED00FA5C87 /* String+Ext.swift */; };
		BA799EC928AD32ED00FA5C87 /* JSONDecoder+Ext.swift in Sources */ = {isa = PBXBuildFile; fileRef = BA799EC228AD32ED00FA5C87 /* JSONDecoder+Ext.swift */; };
		BA799ECC28AD32F800FA5C87 /* UserDefaultsManager.swift in Sources */ = {isa = PBXBuildFile; fileRef = BA799ECB28AD32F800FA5C87 /* UserDefaultsManager.swift */; };
		BA799ED028AD330B00FA5C87 /* BookmarkService.swift in Sources */ = {isa = PBXBuildFile; fileRef = BA799ECF28AD330B00FA5C87 /* BookmarkService.swift */; };
		BA799ED328AD332000FA5C87 /* SafariView.swift in Sources */ = {isa = PBXBuildFile; fileRef = BA799ED228AD332000FA5C87 /* SafariView.swift */; };
		BA799EE228AD332F00FA5C87 /* SplashScreenViewModel.swift in Sources */ = {isa = PBXBuildFile; fileRef = BA799ED628AD332F00FA5C87 /* SplashScreenViewModel.swift */; };
		BA799EE328AD332F00FA5C87 /* SplashScreen.swift in Sources */ = {isa = PBXBuildFile; fileRef = BA799ED728AD332F00FA5C87 /* SplashScreen.swift */; };
		BA799EE428AD332F00FA5C87 /* BookmarksListView.swift in Sources */ = {isa = PBXBuildFile; fileRef = BA799ED928AD332F00FA5C87 /* BookmarksListView.swift */; };
		BA799EE528AD332F00FA5C87 /* BookmarksViewModel.swift in Sources */ = {isa = PBXBuildFile; fileRef = BA799EDA28AD332F00FA5C87 /* BookmarksViewModel.swift */; };
		BA799EE628AD332F00FA5C87 /* BookmarksListCell.swift in Sources */ = {isa = PBXBuildFile; fileRef = BA799EDB28AD332F00FA5C87 /* BookmarksListCell.swift */; };
		BA799EE728AD332F00FA5C87 /* FilterView.swift in Sources */ = {isa = PBXBuildFile; fileRef = BA799EDD28AD332F00FA5C87 /* FilterView.swift */; };
		BA799EE828AD332F00FA5C87 /* NewsListViewModel.swift in Sources */ = {isa = PBXBuildFile; fileRef = BA799EDF28AD332F00FA5C87 /* NewsListViewModel.swift */; };
		BA799EE928AD332F00FA5C87 /* NewsListCell.swift in Sources */ = {isa = PBXBuildFile; fileRef = BA799EE028AD332F00FA5C87 /* NewsListCell.swift */; };
		BA799EEA28AD332F00FA5C87 /* NewsListView.swift in Sources */ = {isa = PBXBuildFile; fileRef = BA799EE128AD332F00FA5C87 /* NewsListView.swift */; };
		BA799EF028AD334C00FA5C87 /* Localizable.strings in Resources */ = {isa = PBXBuildFile; fileRef = BA799EEC28AD334C00FA5C87 /* Localizable.strings */; };
		BA799EF128AD334C00FA5C87 /* Assets.xcassets in Resources */ = {isa = PBXBuildFile; fileRef = BA799EEE28AD334C00FA5C87 /* Assets.xcassets */; };
		BA8D3BBE28A9ABB300C30368 /* Preview Assets.xcassets in Resources */ = {isa = PBXBuildFile; fileRef = BA8D3BBD28A9ABB300C30368 /* Preview Assets.xcassets */; };
		BAF81B1128AAA79300F2632A /* Kingfisher in Frameworks */ = {isa = PBXBuildFile; productRef = BAF81B1028AAA79300F2632A /* Kingfisher */; };
/* End PBXBuildFile section */

/* Begin PBXFileReference section */
		BA799E8F28AD328D00FA5C87 /* News_SwiftUIApp.swift */ = {isa = PBXFileReference; fileEncoding = 4; lastKnownFileType = sourcecode.swift; path = News_SwiftUIApp.swift; sourceTree = "<group>"; };
		BA799EA528AD32D000FA5C87 /* ServiceManager.swift */ = {isa = PBXFileReference; fileEncoding = 4; lastKnownFileType = sourcecode.swift; path = ServiceManager.swift; sourceTree = "<group>"; };
		BA799EA728AD32D000FA5C87 /* NewsEndpoint.swift */ = {isa = PBXFileReference; fileEncoding = 4; lastKnownFileType = sourcecode.swift; path = NewsEndpoint.swift; sourceTree = "<group>"; };
		BA799EA828AD32D000FA5C87 /* NewsRequest.swift */ = {isa = PBXFileReference; fileEncoding = 4; lastKnownFileType = sourcecode.swift; path = NewsRequest.swift; sourceTree = "<group>"; };
		BA799EA928AD32D000FA5C87 /* NewsService.swift */ = {isa = PBXFileReference; fileEncoding = 4; lastKnownFileType = sourcecode.swift; path = NewsService.swift; sourceTree = "<group>"; };
		BA799EAA28AD32D000FA5C87 /* APIRequest.swift */ = {isa = PBXFileReference; fileEncoding = 4; lastKnownFileType = sourcecode.swift; path = APIRequest.swift; sourceTree = "<group>"; };
		BA799EAB28AD32D000FA5C87 /* NetworkError.swift */ = {isa = PBXFileReference; fileEncoding = 4; lastKnownFileType = sourcecode.swift; path = NetworkError.swift; sourceTree = "<group>"; };
		BA799EB328AD32E200FA5C87 /* Response.swift */ = {isa = PBXFileReference; fileEncoding = 4; lastKnownFileType = sourcecode.swift; path = Response.swift; sourceTree = "<group>"; };
		BA799EB428AD32E200FA5C87 /* NewsSource.swift */ = {isa = PBXFileReference; fileEncoding = 4; lastKnownFileType = sourcecode.swift; path = NewsSource.swift; sourceTree = "<group>"; };
		BA799EB528AD32E200FA5C87 /* Article.swift */ = {isa = PBXFileReference; fileEncoding = 4; lastKnownFileType = sourcecode.swift; path = Article.swift; sourceTree = "<group>"; };
		BA799EBB28AD32ED00FA5C87 /* Constants.swift */ = {isa = PBXFileReference; fileEncoding = 4; lastKnownFileType = sourcecode.swift; path = Constants.swift; sourceTree = "<group>"; };
		BA799EBC28AD32ED00FA5C87 /* UIConstants.swift */ = {isa = PBXFileReference; fileEncoding = 4; lastKnownFileType = sourcecode.swift; path = UIConstants.swift; sourceTree = "<group>"; };
		BA799EBD28AD32ED00FA5C87 /* APIConstants.swift */ = {isa = PBXFileReference; fileEncoding = 4; lastKnownFileType = sourcecode.swift; path = APIConstants.swift; sourceTree = "<group>"; };
		BA799EBE28AD32ED00FA5C87 /* UserDefaultConstants.swift */ = {isa = PBXFileReference; fileEncoding = 4; lastKnownFileType = sourcecode.swift; path = UserDefaultConstants.swift; sourceTree = "<group>"; };
		BA799EC028AD32ED00FA5C87 /* DateFormatter+Ext.swift */ = {isa = PBXFileReference; fileEncoding = 4; lastKnownFileType = sourcecode.swift; path = "DateFormatter+Ext.swift"; sourceTree = "<group>"; };
		BA799EC128AD32ED00FA5C87 /* String+Ext.swift */ = {isa = PBXFileReference; fileEncoding = 4; lastKnownFileType = sourcecode.swift; path = "String+Ext.swift"; sourceTree = "<group>"; };
		BA799EC228AD32ED00FA5C87 /* JSONDecoder+Ext.swift */ = {isa = PBXFileReference; fileEncoding = 4; lastKnownFileType = sourcecode.swift; path = "JSONDecoder+Ext.swift"; sourceTree = "<group>"; };
		BA799ECB28AD32F800FA5C87 /* UserDefaultsManager.swift */ = {isa = PBXFileReference; fileEncoding = 4; lastKnownFileType = sourcecode.swift; path = UserDefaultsManager.swift; sourceTree = "<group>"; };
		BA799ECF28AD330B00FA5C87 /* BookmarkService.swift */ = {isa = PBXFileReference; fileEncoding = 4; lastKnownFileType = sourcecode.swift; path = BookmarkService.swift; sourceTree = "<group>"; };
		BA799ED228AD332000FA5C87 /* SafariView.swift */ = {isa = PBXFileReference; fileEncoding = 4; lastKnownFileType = sourcecode.swift; path = SafariView.swift; sourceTree = "<group>"; };
		BA799ED628AD332F00FA5C87 /* SplashScreenViewModel.swift */ = {isa = PBXFileReference; fileEncoding = 4; lastKnownFileType = sourcecode.swift; path = SplashScreenViewModel.swift; sourceTree = "<group>"; };
		BA799ED728AD332F00FA5C87 /* SplashScreen.swift */ = {isa = PBXFileReference; fileEncoding = 4; lastKnownFileType = sourcecode.swift; path = SplashScreen.swift; sourceTree = "<group>"; };
		BA799ED928AD332F00FA5C87 /* BookmarksListView.swift */ = {isa = PBXFileReference; fileEncoding = 4; lastKnownFileType = sourcecode.swift; path = BookmarksListView.swift; sourceTree = "<group>"; };
		BA799EDA28AD332F00FA5C87 /* BookmarksViewModel.swift */ = {isa = PBXFileReference; fileEncoding = 4; lastKnownFileType = sourcecode.swift; path = BookmarksViewModel.swift; sourceTree = "<group>"; };
		BA799EDB28AD332F00FA5C87 /* BookmarksListCell.swift */ = {isa = PBXFileReference; fileEncoding = 4; lastKnownFileType = sourcecode.swift; path = BookmarksListCell.swift; sourceTree = "<group>"; };
		BA799EDD28AD332F00FA5C87 /* FilterView.swift */ = {isa = PBXFileReference; fileEncoding = 4; lastKnownFileType = sourcecode.swift; path = FilterView.swift; sourceTree = "<group>"; };
		BA799EDF28AD332F00FA5C87 /* NewsListViewModel.swift */ = {isa = PBXFileReference; fileEncoding = 4; lastKnownFileType = sourcecode.swift; path = NewsListViewModel.swift; sourceTree = "<group>"; };
		BA799EE028AD332F00FA5C87 /* NewsListCell.swift */ = {isa = PBXFileReference; fileEncoding = 4; lastKnownFileType = sourcecode.swift; path = NewsListCell.swift; sourceTree = "<group>"; };
		BA799EE128AD332F00FA5C87 /* NewsListView.swift */ = {isa = PBXFileReference; fileEncoding = 4; lastKnownFileType = sourcecode.swift; path = NewsListView.swift; sourceTree = "<group>"; };
		BA799EED28AD334C00FA5C87 /* en */ = {isa = PBXFileReference; lastKnownFileType = text.plist.strings; name = en; path = en.lproj/Localizable.strings; sourceTree = "<group>"; };
		BA799EEE28AD334C00FA5C87 /* Assets.xcassets */ = {isa = PBXFileReference; lastKnownFileType = folder.assetcatalog; path = Assets.xcassets; sourceTree = "<group>"; };
		BA799EEF28AD334C00FA5C87 /* tr */ = {isa = PBXFileReference; lastKnownFileType = text.plist.strings; name = tr; path = tr.lproj/Localizable.strings; sourceTree = "<group>"; };
		BA8D3BB328A9ABB100C30368 /* News-SwiftUI.app */ = {isa = PBXFileReference; explicitFileType = wrapper.application; includeInIndex = 0; path = "News-SwiftUI.app"; sourceTree = BUILT_PRODUCTS_DIR; };
		BA8D3BBD28A9ABB300C30368 /* Preview Assets.xcassets */ = {isa = PBXFileReference; lastKnownFileType = folder.assetcatalog; path = "Preview Assets.xcassets"; sourceTree = "<group>"; };
/* End PBXFileReference section */

/* Begin PBXFrameworksBuildPhase section */
		BA8D3BB028A9ABB100C30368 /* Frameworks */ = {
			isa = PBXFrameworksBuildPhase;
			buildActionMask = 2147483647;
			files = (
				BAF81B1128AAA79300F2632A /* Kingfisher in Frameworks */,
				BA3B406628AA200600C95420 /* Alamofire in Frameworks */,
			);
			runOnlyForDeploymentPostprocessing = 0;
		};
/* End PBXFrameworksBuildPhase section */

/* Begin PBXGroup section */
		BA799EA428AD32D000FA5C87 /* Network */ = {
			isa = PBXGroup;
			children = (
				BA799EA528AD32D000FA5C87 /* ServiceManager.swift */,
				BA799EA628AD32D000FA5C87 /* News */,
				BA799EAA28AD32D000FA5C87 /* APIRequest.swift */,
				BA799EAB28AD32D000FA5C87 /* NetworkError.swift */,
			);
			path = Network;
			sourceTree = "<group>";
		};
		BA799EA628AD32D000FA5C87 /* News */ = {
			isa = PBXGroup;
			children = (
				BA799EA728AD32D000FA5C87 /* NewsEndpoint.swift */,
				BA799EA828AD32D000FA5C87 /* NewsRequest.swift */,
				BA799EA928AD32D000FA5C87 /* NewsService.swift */,
			);
			path = News;
			sourceTree = "<group>";
		};
		BA799EB228AD32E200FA5C87 /* Models */ = {
			isa = PBXGroup;
			children = (
				BA799EB328AD32E200FA5C87 /* Response.swift */,
				BA799EB428AD32E200FA5C87 /* NewsSource.swift */,
				BA799EB528AD32E200FA5C87 /* Article.swift */,
			);
			path = Models;
			sourceTree = "<group>";
		};
		BA799EB928AD32ED00FA5C87 /* Utilities */ = {
			isa = PBXGroup;
			children = (
				BA799EBA28AD32ED00FA5C87 /* Constants */,
				BA799EBF28AD32ED00FA5C87 /* Extensions */,
			);
			path = Utilities;
			sourceTree = "<group>";
		};
		BA799EBA28AD32ED00FA5C87 /* Constants */ = {
			isa = PBXGroup;
			children = (
				BA799EBB28AD32ED00FA5C87 /* Constants.swift */,
				BA799EBC28AD32ED00FA5C87 /* UIConstants.swift */,
				BA799EBD28AD32ED00FA5C87 /* APIConstants.swift */,
				BA799EBE28AD32ED00FA5C87 /* UserDefaultConstants.swift */,
			);
			path = Constants;
			sourceTree = "<group>";
		};
		BA799EBF28AD32ED00FA5C87 /* Extensions */ = {
			isa = PBXGroup;
			children = (
				BA799EC028AD32ED00FA5C87 /* DateFormatter+Ext.swift */,
				BA799EC128AD32ED00FA5C87 /* String+Ext.swift */,
				BA799EC228AD32ED00FA5C87 /* JSONDecoder+Ext.swift */,
			);
			path = Extensions;
			sourceTree = "<group>";
		};
		BA799ECA28AD32F800FA5C87 /* Managers */ = {
			isa = PBXGroup;
			children = (
				BA799ECB28AD32F800FA5C87 /* UserDefaultsManager.swift */,
			);
			path = Managers;
			sourceTree = "<group>";
		};
		BA799ECD28AD330B00FA5C87 /* Services */ = {
			isa = PBXGroup;
			children = (
				BA799ECE28AD330B00FA5C87 /* Bookmarks */,
			);
			path = Services;
			sourceTree = "<group>";
		};
		BA799ECE28AD330B00FA5C87 /* Bookmarks */ = {
			isa = PBXGroup;
			children = (
				BA799ECF28AD330B00FA5C87 /* BookmarkService.swift */,
			);
			path = Bookmarks;
			sourceTree = "<group>";
		};
		BA799ED128AD332000FA5C87 /* Views */ = {
			isa = PBXGroup;
			children = (
				BA799ED228AD332000FA5C87 /* SafariView.swift */,
			);
			path = Views;
			sourceTree = "<group>";
		};
		BA799ED428AD332F00FA5C87 /* Scenes */ = {
			isa = PBXGroup;
			children = (
				BA799ED528AD332F00FA5C87 /* SplashScreen */,
				BA799ED828AD332F00FA5C87 /* Bookmarks */,
				BA799EDC28AD332F00FA5C87 /* Filter */,
				BA799EDE28AD332F00FA5C87 /* NewsList */,
			);
			path = Scenes;
			sourceTree = "<group>";
		};
		BA799ED528AD332F00FA5C87 /* SplashScreen */ = {
			isa = PBXGroup;
			children = (
				BA799ED628AD332F00FA5C87 /* SplashScreenViewModel.swift */,
				BA799ED728AD332F00FA5C87 /* SplashScreen.swift */,
			);
			path = SplashScreen;
			sourceTree = "<group>";
		};
		BA799ED828AD332F00FA5C87 /* Bookmarks */ = {
			isa = PBXGroup;
			children = (
				BA799ED928AD332F00FA5C87 /* BookmarksListView.swift */,
				BA799EDA28AD332F00FA5C87 /* BookmarksViewModel.swift */,
				BA799EDB28AD332F00FA5C87 /* BookmarksListCell.swift */,
			);
			path = Bookmarks;
			sourceTree = "<group>";
		};
		BA799EDC28AD332F00FA5C87 /* Filter */ = {
			isa = PBXGroup;
			children = (
				BA799EDD28AD332F00FA5C87 /* FilterView.swift */,
			);
			path = Filter;
			sourceTree = "<group>";
		};
		BA799EDE28AD332F00FA5C87 /* NewsList */ = {
			isa = PBXGroup;
			children = (
				BA799EE128AD332F00FA5C87 /* NewsListView.swift */,
				BA799EDF28AD332F00FA5C87 /* NewsListViewModel.swift */,
				BA799EE028AD332F00FA5C87 /* NewsListCell.swift */,
			);
			path = NewsList;
			sourceTree = "<group>";
		};
		BA799EEB28AD334C00FA5C87 /* Resources */ = {
			isa = PBXGroup;
			children = (
				BA799EEC28AD334C00FA5C87 /* Localizable.strings */,
				BA799EEE28AD334C00FA5C87 /* Assets.xcassets */,
			);
			name = Resources;
			path = "../../../Desktop/Mentorship/News-SwiftUI/News-SwiftUI/Resources";
			sourceTree = "<group>";
		};
		BA8D3BAA28A9ABB100C30368 = {
			isa = PBXGroup;
			children = (
				BA8D3BB528A9ABB100C30368 /* News-SwiftUI */,
				BA8D3BB428A9ABB100C30368 /* Products */,
			);
			sourceTree = "<group>";
		};
		BA8D3BB428A9ABB100C30368 /* Products */ = {
			isa = PBXGroup;
			children = (
				BA8D3BB328A9ABB100C30368 /* News-SwiftUI.app */,
			);
			name = Products;
			sourceTree = "<group>";
		};
		BA8D3BB528A9ABB100C30368 /* News-SwiftUI */ = {
			isa = PBXGroup;
			children = (
				BA983FCB28AAD3FD009724CE /* App */,
				BA799ECA28AD32F800FA5C87 /* Managers */,
				BA799EB228AD32E200FA5C87 /* Models */,
				BA799EA428AD32D000FA5C87 /* Network */,
				BA8D3BBC28A9ABB300C30368 /* Preview Content */,
				BA799EEB28AD334C00FA5C87 /* Resources */,
				BA799ED428AD332F00FA5C87 /* Scenes */,
				BA799ECD28AD330B00FA5C87 /* Services */,
				BA799EB928AD32ED00FA5C87 /* Utilities */,
				BA799ED128AD332000FA5C87 /* Views */,
			);
			path = "News-SwiftUI";
			sourceTree = "<group>";
		};
		BA8D3BBC28A9ABB300C30368 /* Preview Content */ = {
			isa = PBXGroup;
			children = (
				BA8D3BBD28A9ABB300C30368 /* Preview Assets.xcassets */,
			);
			path = "Preview Content";
			sourceTree = "<group>";
		};
		BA983FCB28AAD3FD009724CE /* App */ = {
			isa = PBXGroup;
			children = (
				BA799E8F28AD328D00FA5C87 /* News_SwiftUIApp.swift */,
			);
			path = App;
			sourceTree = "<group>";
		};
/* End PBXGroup section */

/* Begin PBXNativeTarget section */
		BA8D3BB228A9ABB100C30368 /* News-SwiftUI */ = {
			isa = PBXNativeTarget;
			buildConfigurationList = BA8D3BC128A9ABB300C30368 /* Build configuration list for PBXNativeTarget "News-SwiftUI" */;
			buildPhases = (
				BA8D3BAF28A9ABB100C30368 /* Sources */,
				BA8D3BB028A9ABB100C30368 /* Frameworks */,
				BA8D3BB128A9ABB100C30368 /* Resources */,
			);
			buildRules = (
			);
			dependencies = (
			);
			name = "News-SwiftUI";
			packageProductDependencies = (
				BA3B406528AA200600C95420 /* Alamofire */,
				BAF81B1028AAA79300F2632A /* Kingfisher */,
			);
			productName = "News-SwiftUI";
			productReference = BA8D3BB328A9ABB100C30368 /* News-SwiftUI.app */;
			productType = "com.apple.product-type.application";
		};
/* End PBXNativeTarget section */

/* Begin PBXProject section */
		BA8D3BAB28A9ABB100C30368 /* Project object */ = {
			isa = PBXProject;
			attributes = {
				BuildIndependentTargetsInParallel = 1;
				LastSwiftUpdateCheck = 1340;
				LastUpgradeCheck = 1340;
				TargetAttributes = {
					BA8D3BB228A9ABB100C30368 = {
						CreatedOnToolsVersion = 13.4.1;
					};
				};
			};
			buildConfigurationList = BA8D3BAE28A9ABB100C30368 /* Build configuration list for PBXProject "News-SwiftUI" */;
			compatibilityVersion = "Xcode 13.0";
			developmentRegion = en;
			hasScannedForEncodings = 0;
			knownRegions = (
				en,
				Base,
				tr,
			);
			mainGroup = BA8D3BAA28A9ABB100C30368;
			packageReferences = (
				BA3B406428AA200600C95420 /* XCRemoteSwiftPackageReference "Alamofire" */,
				BAF81B0F28AAA79300F2632A /* XCRemoteSwiftPackageReference "Kingfisher" */,
			);
			productRefGroup = BA8D3BB428A9ABB100C30368 /* Products */;
			projectDirPath = "";
			projectRoot = "";
			targets = (
				BA8D3BB228A9ABB100C30368 /* News-SwiftUI */,
			);
		};
/* End PBXProject section */

/* Begin PBXResourcesBuildPhase section */
		BA8D3BB128A9ABB100C30368 /* Resources */ = {
			isa = PBXResourcesBuildPhase;
			buildActionMask = 2147483647;
			files = (
				BA8D3BBE28A9ABB300C30368 /* Preview Assets.xcassets in Resources */,
				BA799EF128AD334C00FA5C87 /* Assets.xcassets in Resources */,
				BA799EF028AD334C00FA5C87 /* Localizable.strings in Resources */,
			);
			runOnlyForDeploymentPostprocessing = 0;
		};
/* End PBXResourcesBuildPhase section */

/* Begin PBXSourcesBuildPhase section */
		BA8D3BAF28A9ABB100C30368 /* Sources */ = {
			isa = PBXSourcesBuildPhase;
			buildActionMask = 2147483647;
			files = (
				BA799EE728AD332F00FA5C87 /* FilterView.swift in Sources */,
				BA799EC628AD32ED00FA5C87 /* UserDefaultConstants.swift in Sources */,
				BA799EB828AD32E200FA5C87 /* Article.swift in Sources */,
				BA799EC728AD32ED00FA5C87 /* DateFormatter+Ext.swift in Sources */,
				BA799ED028AD330B00FA5C87 /* BookmarkService.swift in Sources */,
				BA799EC328AD32ED00FA5C87 /* Constants.swift in Sources */,
				BA799EEA28AD332F00FA5C87 /* NewsListView.swift in Sources */,
				BA799EC428AD32ED00FA5C87 /* UIConstants.swift in Sources */,
				BA799EE328AD332F00FA5C87 /* SplashScreen.swift in Sources */,
				BA799E9028AD328D00FA5C87 /* News_SwiftUIApp.swift in Sources */,
				BA799EE528AD332F00FA5C87 /* BookmarksViewModel.swift in Sources */,
				BA799EE928AD332F00FA5C87 /* NewsListCell.swift in Sources */,
				BA799EB128AD32D000FA5C87 /* NetworkError.swift in Sources */,
				BA799EAE28AD32D000FA5C87 /* NewsRequest.swift in Sources */,
				BA799EC828AD32ED00FA5C87 /* String+Ext.swift in Sources */,
				BA799ECC28AD32F800FA5C87 /* UserDefaultsManager.swift in Sources */,
				BA799EE628AD332F00FA5C87 /* BookmarksListCell.swift in Sources */,
				BA799EE228AD332F00FA5C87 /* SplashScreenViewModel.swift in Sources */,
				BA799EAD28AD32D000FA5C87 /* NewsEndpoint.swift in Sources */,
				BA799EB628AD32E200FA5C87 /* Response.swift in Sources */,
				BA799EAC28AD32D000FA5C87 /* ServiceManager.swift in Sources */,
				BA799EB728AD32E200FA5C87 /* NewsSource.swift in Sources */,
				BA799EE828AD332F00FA5C87 /* NewsListViewModel.swift in Sources */,
				BA799EC928AD32ED00FA5C87 /* JSONDecoder+Ext.swift in Sources */,
				BA799ED328AD332000FA5C87 /* SafariView.swift in Sources */,
				BA799EAF28AD32D000FA5C87 /* NewsService.swift in Sources */,
				BA799EE428AD332F00FA5C87 /* BookmarksListView.swift in Sources */,
				BA799EC528AD32ED00FA5C87 /* APIConstants.swift in Sources */,
				BA799EB028AD32D000FA5C87 /* APIRequest.swift in Sources */,
			);
			runOnlyForDeploymentPostprocessing = 0;
		};
/* End PBXSourcesBuildPhase section */

/* Begin PBXVariantGroup section */
		BA799EEC28AD334C00FA5C87 /* Localizable.strings */ = {
			isa = PBXVariantGroup;
			children = (
				BA799EED28AD334C00FA5C87 /* en */,
				BA799EEF28AD334C00FA5C87 /* tr */,
			);
			name = Localizable.strings;
			sourceTree = "<group>";
		};
/* End PBXVariantGroup section */

/* Begin XCBuildConfiguration section */
		BA8D3BBF28A9ABB300C30368 /* Debug */ = {
			isa = XCBuildConfiguration;
			buildSettings = {
				ALWAYS_SEARCH_USER_PATHS = NO;
				CLANG_ANALYZER_LOCALIZABILITY_NONLOCALIZED = YES;
				CLANG_ANALYZER_NONNULL = YES;
				CLANG_ANALYZER_NUMBER_OBJECT_CONVERSION = YES_AGGRESSIVE;
				CLANG_CXX_LANGUAGE_STANDARD = "gnu++17";
				CLANG_ENABLE_MODULES = YES;
				CLANG_ENABLE_OBJC_ARC = YES;
				CLANG_ENABLE_OBJC_WEAK = YES;
				CLANG_WARN_BLOCK_CAPTURE_AUTORELEASING = YES;
				CLANG_WARN_BOOL_CONVERSION = YES;
				CLANG_WARN_COMMA = YES;
				CLANG_WARN_CONSTANT_CONVERSION = YES;
				CLANG_WARN_DEPRECATED_OBJC_IMPLEMENTATIONS = YES;
				CLANG_WARN_DIRECT_OBJC_ISA_USAGE = YES_ERROR;
				CLANG_WARN_DOCUMENTATION_COMMENTS = YES;
				CLANG_WARN_EMPTY_BODY = YES;
				CLANG_WARN_ENUM_CONVERSION = YES;
				CLANG_WARN_INFINITE_RECURSION = YES;
				CLANG_WARN_INT_CONVERSION = YES;
				CLANG_WARN_NON_LITERAL_NULL_CONVERSION = YES;
				CLANG_WARN_OBJC_IMPLICIT_RETAIN_SELF = YES;
				CLANG_WARN_OBJC_LITERAL_CONVERSION = YES;
				CLANG_WARN_OBJC_ROOT_CLASS = YES_ERROR;
				CLANG_WARN_QUOTED_INCLUDE_IN_FRAMEWORK_HEADER = YES;
				CLANG_WARN_RANGE_LOOP_ANALYSIS = YES;
				CLANG_WARN_STRICT_PROTOTYPES = YES;
				CLANG_WARN_SUSPICIOUS_MOVE = YES;
				CLANG_WARN_UNGUARDED_AVAILABILITY = YES_AGGRESSIVE;
				CLANG_WARN_UNREACHABLE_CODE = YES;
				CLANG_WARN__DUPLICATE_METHOD_MATCH = YES;
				COPY_PHASE_STRIP = NO;
				DEBUG_INFORMATION_FORMAT = dwarf;
				ENABLE_STRICT_OBJC_MSGSEND = YES;
				ENABLE_TESTABILITY = YES;
				GCC_C_LANGUAGE_STANDARD = gnu11;
				GCC_DYNAMIC_NO_PIC = NO;
				GCC_NO_COMMON_BLOCKS = YES;
				GCC_OPTIMIZATION_LEVEL = 0;
				GCC_PREPROCESSOR_DEFINITIONS = (
					"DEBUG=1",
					"$(inherited)",
				);
				GCC_WARN_64_TO_32_BIT_CONVERSION = YES;
				GCC_WARN_ABOUT_RETURN_TYPE = YES_ERROR;
				GCC_WARN_UNDECLARED_SELECTOR = YES;
				GCC_WARN_UNINITIALIZED_AUTOS = YES_AGGRESSIVE;
				GCC_WARN_UNUSED_FUNCTION = YES;
				GCC_WARN_UNUSED_VARIABLE = YES;
				IPHONEOS_DEPLOYMENT_TARGET = 15.5;
				MTL_ENABLE_DEBUG_INFO = INCLUDE_SOURCE;
				MTL_FAST_MATH = YES;
				ONLY_ACTIVE_ARCH = YES;
				SDKROOT = iphoneos;
				SWIFT_ACTIVE_COMPILATION_CONDITIONS = DEBUG;
				SWIFT_OPTIMIZATION_LEVEL = "-Onone";
			};
			name = Debug;
		};
		BA8D3BC028A9ABB300C30368 /* Release */ = {
			isa = XCBuildConfiguration;
			buildSettings = {
				ALWAYS_SEARCH_USER_PATHS = NO;
				CLANG_ANALYZER_LOCALIZABILITY_NONLOCALIZED = YES;
				CLANG_ANALYZER_NONNULL = YES;
				CLANG_ANALYZER_NUMBER_OBJECT_CONVERSION = YES_AGGRESSIVE;
				CLANG_CXX_LANGUAGE_STANDARD = "gnu++17";
				CLANG_ENABLE_MODULES = YES;
				CLANG_ENABLE_OBJC_ARC = YES;
				CLANG_ENABLE_OBJC_WEAK = YES;
				CLANG_WARN_BLOCK_CAPTURE_AUTORELEASING = YES;
				CLANG_WARN_BOOL_CONVERSION = YES;
				CLANG_WARN_COMMA = YES;
				CLANG_WARN_CONSTANT_CONVERSION = YES;
				CLANG_WARN_DEPRECATED_OBJC_IMPLEMENTATIONS = YES;
				CLANG_WARN_DIRECT_OBJC_ISA_USAGE = YES_ERROR;
				CLANG_WARN_DOCUMENTATION_COMMENTS = YES;
				CLANG_WARN_EMPTY_BODY = YES;
				CLANG_WARN_ENUM_CONVERSION = YES;
				CLANG_WARN_INFINITE_RECURSION = YES;
				CLANG_WARN_INT_CONVERSION = YES;
				CLANG_WARN_NON_LITERAL_NULL_CONVERSION = YES;
				CLANG_WARN_OBJC_IMPLICIT_RETAIN_SELF = YES;
				CLANG_WARN_OBJC_LITERAL_CONVERSION = YES;
				CLANG_WARN_OBJC_ROOT_CLASS = YES_ERROR;
				CLANG_WARN_QUOTED_INCLUDE_IN_FRAMEWORK_HEADER = YES;
				CLANG_WARN_RANGE_LOOP_ANALYSIS = YES;
				CLANG_WARN_STRICT_PROTOTYPES = YES;
				CLANG_WARN_SUSPICIOUS_MOVE = YES;
				CLANG_WARN_UNGUARDED_AVAILABILITY = YES_AGGRESSIVE;
				CLANG_WARN_UNREACHABLE_CODE = YES;
				CLANG_WARN__DUPLICATE_METHOD_MATCH = YES;
				COPY_PHASE_STRIP = NO;
				DEBUG_INFORMATION_FORMAT = "dwarf-with-dsym";
				ENABLE_NS_ASSERTIONS = NO;
				ENABLE_STRICT_OBJC_MSGSEND = YES;
				GCC_C_LANGUAGE_STANDARD = gnu11;
				GCC_NO_COMMON_BLOCKS = YES;
				GCC_WARN_64_TO_32_BIT_CONVERSION = YES;
				GCC_WARN_ABOUT_RETURN_TYPE = YES_ERROR;
				GCC_WARN_UNDECLARED_SELECTOR = YES;
				GCC_WARN_UNINITIALIZED_AUTOS = YES_AGGRESSIVE;
				GCC_WARN_UNUSED_FUNCTION = YES;
				GCC_WARN_UNUSED_VARIABLE = YES;
				IPHONEOS_DEPLOYMENT_TARGET = 15.5;
				MTL_ENABLE_DEBUG_INFO = NO;
				MTL_FAST_MATH = YES;
				SDKROOT = iphoneos;
				SWIFT_COMPILATION_MODE = wholemodule;
				SWIFT_OPTIMIZATION_LEVEL = "-O";
				VALIDATE_PRODUCT = YES;
			};
			name = Release;
		};
		BA8D3BC228A9ABB300C30368 /* Debug */ = {
			isa = XCBuildConfiguration;
			buildSettings = {
				ASSETCATALOG_COMPILER_APPICON_NAME = AppIcon;
				ASSETCATALOG_COMPILER_GLOBAL_ACCENT_COLOR_NAME = AccentColor;
				CODE_SIGN_STYLE = Automatic;
				CURRENT_PROJECT_VERSION = 1;
				DEVELOPMENT_ASSET_PATHS = "\"News-SwiftUI/Preview Content\"";
				DEVELOPMENT_TEAM = 7YZ2S9UZA3;
				ENABLE_PREVIEWS = YES;
				GENERATE_INFOPLIST_FILE = YES;
				INFOPLIST_KEY_UIApplicationSceneManifest_Generation = YES;
				INFOPLIST_KEY_UIApplicationSupportsIndirectInputEvents = YES;
				INFOPLIST_KEY_UILaunchScreen_Generation = YES;
				INFOPLIST_KEY_UISupportedInterfaceOrientations = UIInterfaceOrientationPortrait;
				INFOPLIST_KEY_UISupportedInterfaceOrientations_iPad = "UIInterfaceOrientationPortrait UIInterfaceOrientationPortraitUpsideDown UIInterfaceOrientationLandscapeLeft UIInterfaceOrientationLandscapeRight";
				INFOPLIST_KEY_UISupportedInterfaceOrientations_iPhone = "UIInterfaceOrientationPortrait UIInterfaceOrientationLandscapeLeft UIInterfaceOrientationLandscapeRight";
				IPHONEOS_DEPLOYMENT_TARGET = 15.0;
				LD_RUNPATH_SEARCH_PATHS = (
					"$(inherited)",
					"@executable_path/Frameworks",
				);
				MARKETING_VERSION = 0.1.0;
				PRODUCT_BUNDLE_IDENTIFIER = "com.omer.sahin.News-SwiftUI";
				PRODUCT_NAME = "$(TARGET_NAME)";
				SWIFT_EMIT_LOC_STRINGS = YES;
				SWIFT_VERSION = 5.0;
				TARGETED_DEVICE_FAMILY = 1;
			};
			name = Debug;
		};
		BA8D3BC328A9ABB300C30368 /* Release */ = {
			isa = XCBuildConfiguration;
			buildSettings = {
				ASSETCATALOG_COMPILER_APPICON_NAME = AppIcon;
				ASSETCATALOG_COMPILER_GLOBAL_ACCENT_COLOR_NAME = AccentColor;
				CODE_SIGN_STYLE = Automatic;
				CURRENT_PROJECT_VERSION = 1;
				DEVELOPMENT_ASSET_PATHS = "\"News-SwiftUI/Preview Content\"";
				DEVELOPMENT_TEAM = 7YZ2S9UZA3;
				ENABLE_PREVIEWS = YES;
				GENERATE_INFOPLIST_FILE = YES;
				INFOPLIST_KEY_UIApplicationSceneManifest_Generation = YES;
				INFOPLIST_KEY_UIApplicationSupportsIndirectInputEvents = YES;
				INFOPLIST_KEY_UILaunchScreen_Generation = YES;
				INFOPLIST_KEY_UISupportedInterfaceOrientations = UIInterfaceOrientationPortrait;
				INFOPLIST_KEY_UISupportedInterfaceOrientations_iPad = "UIInterfaceOrientationPortrait UIInterfaceOrientationPortraitUpsideDown UIInterfaceOrientationLandscapeLeft UIInterfaceOrientationLandscapeRight";
				INFOPLIST_KEY_UISupportedInterfaceOrientations_iPhone = "UIInterfaceOrientationPortrait UIInterfaceOrientationLandscapeLeft UIInterfaceOrientationLandscapeRight";
				IPHONEOS_DEPLOYMENT_TARGET = 15.0;
				LD_RUNPATH_SEARCH_PATHS = (
					"$(inherited)",
					"@executable_path/Frameworks",
				);
				MARKETING_VERSION = 0.1.0;
				PRODUCT_BUNDLE_IDENTIFIER = "com.omer.sahin.News-SwiftUI";
				PRODUCT_NAME = "$(TARGET_NAME)";
				SWIFT_EMIT_LOC_STRINGS = YES;
				SWIFT_VERSION = 5.0;
				TARGETED_DEVICE_FAMILY = 1;
			};
			name = Release;
		};
/* End XCBuildConfiguration section */

/* Begin XCConfigurationList section */
		BA8D3BAE28A9ABB100C30368 /* Build configuration list for PBXProject "News-SwiftUI" */ = {
			isa = XCConfigurationList;
			buildConfigurations = (
				BA8D3BBF28A9ABB300C30368 /* Debug */,
				BA8D3BC028A9ABB300C30368 /* Release */,
			);
			defaultConfigurationIsVisible = 0;
			defaultConfigurationName = Release;
		};
		BA8D3BC128A9ABB300C30368 /* Build configuration list for PBXNativeTarget "News-SwiftUI" */ = {
			isa = XCConfigurationList;
			buildConfigurations = (
				BA8D3BC228A9ABB300C30368 /* Debug */,
				BA8D3BC328A9ABB300C30368 /* Release */,
			);
			defaultConfigurationIsVisible = 0;
			defaultConfigurationName = Release;
		};
/* End XCConfigurationList section */

/* Begin XCRemoteSwiftPackageReference section */
		BA3B406428AA200600C95420 /* XCRemoteSwiftPackageReference "Alamofire" */ = {
			isa = XCRemoteSwiftPackageReference;
			repositoryURL = "https://github.com/Alamofire/Alamofire.git";
			requirement = {
				branch = master;
				kind = branch;
			};
		};
		BAF81B0F28AAA79300F2632A /* XCRemoteSwiftPackageReference "Kingfisher" */ = {
			isa = XCRemoteSwiftPackageReference;
			repositoryURL = "https://github.com/onevcat/Kingfisher.git";
			requirement = {
				branch = master;
				kind = branch;
			};
		};
/* End XCRemoteSwiftPackageReference section */

/* Begin XCSwiftPackageProductDependency section */
		BA3B406528AA200600C95420 /* Alamofire */ = {
			isa = XCSwiftPackageProductDependency;
			package = BA3B406428AA200600C95420 /* XCRemoteSwiftPackageReference "Alamofire" */;
			productName = Alamofire;
		};
		BAF81B1028AAA79300F2632A /* Kingfisher */ = {
			isa = XCSwiftPackageProductDependency;
			package = BAF81B0F28AAA79300F2632A /* XCRemoteSwiftPackageReference "Kingfisher" */;
			productName = Kingfisher;
		};
/* End XCSwiftPackageProductDependency section */
	};
	rootObject = BA8D3BAB28A9ABB100C30368 /* Project object */;
}
